
Microsoft Visual Studio Solution File, Format Version 12.00
# Visual Studio 2015
Project("{FAE04EC0-301F-11D3-BF4B-00C04F79EFBC}") = "Conservo1.5.CSharp.Plugins", "Conservo1.5.CSharp.Plugins.csproj", "{A830DC90-C11F-42C4-2AD1-661C9D337CB5}"
EndProject
Project("{FAE04EC0-301F-11D3-BF4B-00C04F79EFBC}") = "Conservo1.5.CSharp", "Conservo1.5.CSharp.csproj", "{B664E2F1-C85C-5CEB-C54F-873A3E81D99E}"
EndProject
Project("{FAE04EC0-301F-11D3-BF4B-00C04F79EFBC}") = "Conservo1.5.CSharp.Editor", "Conservo1.5.CSharp.Editor.csproj", "{E123DBA2-0226-3074-2BB1-1FCF7F5B9C86}"
EndProject
Global
	GlobalSection(SolutionConfigurationPlatforms) = preSolution
		Debug|Any CPU = Debug|Any CPU
		Release|Any CPU = Release|Any CPU
	EndGlobalSection
	GlobalSection(ProjectConfigurationPlatforms) = postSolution
		{A830DC90-C11F-42C4-2AD1-661C9D337CB5}.Debug|Any CPU.ActiveCfg = Debug|Any CPU
		{A830DC90-C11F-42C4-2AD1-661C9D337CB5}.Debug|Any CPU.Build.0 = Debug|Any CPU
		{A830DC90-C11F-42C4-2AD1-661C9D337CB5}.Release|Any CPU.ActiveCfg = Release|Any CPU
		{A830DC90-C11F-42C4-2AD1-661C9D337CB5}.Release|Any CPU.Build.0 = Release|Any CPU
		{B664E2F1-C85C-5CEB-C54F-873A3E81D99E}.Debug|Any CPU.ActiveCfg = Debug|Any CPU
		{B664E2F1-C85C-5CEB-C54F-873A3E81D99E}.Debug|Any CPU.Build.0 = Debug|Any CPU
		{B664E2F1-C85C-5CEB-C54F-873A3E81D99E}.Release|Any CPU.ActiveCfg = Release|Any CPU
		{B664E2F1-C85C-5CEB-C54F-873A3E81D99E}.Release|Any CPU.Build.0 = Release|Any CPU
		{E123DBA2-0226-3074-2BB1-1FCF7F5B9C86}.Debug|Any CPU.ActiveCfg = Debug|Any CPU
		{E123DBA2-0226-3074-2BB1-1FCF7F5B9C86}.Debug|Any CPU.Build.0 = Debug|Any CPU
		{E123DBA2-0226-3074-2BB1-1FCF7F5B9C86}.Release|Any CPU.ActiveCfg = Release|Any CPU
		{E123DBA2-0226-3074-2BB1-1FCF7F5B9C86}.Release|Any CPU.Build.0 = Release|Any CPU
	EndGlobalSection
	GlobalSection(SolutionProperties) = preSolution
		HideSolutionNode = FALSE
	EndGlobalSection
EndGlobal
